// !$*UTF8*$!
{
	archiveVersion = 1;
	classes = {
	};
	objectVersion = 46;
	objects = {

/* Begin PBXBuildFile section */
		FC2826D21CE017ED00F77D5B /* main.m in Sources */ = {isa = PBXBuildFile; fileRef = FC2826D11CE017ED00F77D5B /* main.m */; };
		FC2826D51CE017ED00F77D5B /* AppDelegate.m in Sources */ = {isa = PBXBuildFile; fileRef = FC2826D41CE017ED00F77D5B /* AppDelegate.m */; };
		FC2826D81CE017ED00F77D5B /* ViewController.m in Sources */ = {isa = PBXBuildFile; fileRef = FC2826D71CE017ED00F77D5B /* ViewController.m */; };
		FC2826DB1CE017ED00F77D5B /* Main.storyboard in Resources */ = {isa = PBXBuildFile; fileRef = FC2826D91CE017ED00F77D5B /* Main.storyboard */; };
		FC2826DD1CE017ED00F77D5B /* Assets.xcassets in Resources */ = {isa = PBXBuildFile; fileRef = FC2826DC1CE017ED00F77D5B /* Assets.xcassets */; };
		FC2826E01CE017ED00F77D5B /* LaunchScreen.storyboard in Resources */ = {isa = PBXBuildFile; fileRef = FC2826DE1CE017ED00F77D5B /* LaunchScreen.storyboard */; };
		FC2826EB1CE017ED00F77D5B /* _________Tests.m in Sources */ = {isa = PBXBuildFile; fileRef = FC2826EA1CE017ED00F77D5B /* _________Tests.m */; };
		FC2826F61CE017ED00F77D5B /* _________UITests.m in Sources */ = {isa = PBXBuildFile; fileRef = FC2826F51CE017ED00F77D5B /* _________UITests.m */; };
/* End PBXBuildFile section */

/* Begin PBXContainerItemProxy section */
		FC2826E71CE017ED00F77D5B /* PBXContainerItemProxy */ = {
			isa = PBXContainerItemProxy;
			containerPortal = FC2826C51CE017ED00F77D5B /* Project object */;
			proxyType = 1;
			remoteGlobalIDString = FC2826CC1CE017ED00F77D5B;
			remoteInfo = "双击放大和长按操作";
		};
		FC2826F21CE017ED00F77D5B /* PBXContainerItemProxy */ = {
			isa = PBXContainerItemProxy;
			containerPortal = FC2826C51CE017ED00F77D5B /* Project object */;
			proxyType = 1;
			remoteGlobalIDString = FC2826CC1CE017ED00F77D5B;
			remoteInfo = "双击放大和长按操作";
		};
/* End PBXContainerItemProxy section */

/* Begin PBXFileReference section */
		FC2826CD1CE017ED00F77D5B /* 双击放大和长按操作.app */ = {isa = PBXFileReference; explicitFileType = wrapper.application; includeInIndex = 0; path = "双击放大和长按操作.app"; sourceTree = BUILT_PRODUCTS_DIR; };
		FC2826D11CE017ED00F77D5B /* main.m */ = {isa = PBXFileReference; lastKnownFileType = sourcecode.c.objc; path = main.m; sourceTree = "<group>"; };
		FC2826D31CE017ED00F77D5B /* AppDelegate.h */ = {isa = PBXFileReference; lastKnownFileType = sourcecode.c.h; path = AppDelegate.h; sourceTree = "<group>"; };
		FC2826D41CE017ED00F77D5B /* AppDelegate.m */ = {isa = PBXFileReference; lastKnownFileType = sourcecode.c.objc; path = AppDelegate.m; sourceTree = "<group>"; };
		FC2826D61CE017ED00F77D5B /* ViewController.h */ = {isa = PBXFileReference; lastKnownFileType = sourcecode.c.h; path = ViewController.h; sourceTree = "<group>"; };
		FC2826D71CE017ED00F77D5B /* ViewController.m */ = {isa = PBXFileReference; lastKnownFileType = sourcecode.c.objc; path = ViewController.m; sourceTree = "<group>"; };
		FC2826DA1CE017ED00F77D5B /* Base */ = {isa = PBXFileReference; lastKnownFileType = file.storyboard; name = Base; path = Base.lproj/Main.storyboard; sourceTree = "<group>"; };
		FC2826DC1CE017ED00F77D5B /* Assets.xcassets */ = {isa = PBXFileReference; lastKnownFileType = folder.assetcatalog; path = Assets.xcassets; sourceTree = "<group>"; };
		FC2826DF1CE017ED00F77D5B /* Base */ = {isa = PBXFileReference; lastKnownFileType = file.storyboard; name = Base; path = Base.lproj/LaunchScreen.storyboard; sourceTree = "<group>"; };
		FC2826E11CE017ED00F77D5B /* Info.plist */ = {isa = PBXFileReference; lastKnownFileType = text.plist.xml; path = Info.plist; sourceTree = "<group>"; };
		FC2826E61CE017ED00F77D5B /* 双击放大和长按操作Tests.xctest */ = {isa = PBXFileReference; explicitFileType = wrapper.cfbundle; includeInIndex = 0; path = "双击放大和长按操作Tests.xctest"; sourceTree = BUILT_PRODUCTS_DIR; };
		FC2826EA1CE017ED00F77D5B /* _________Tests.m */ = {isa = PBXFileReference; lastKnownFileType = sourcecode.c.objc; path = "_________Tests.m"; sourceTree = "<group>"; };
		FC2826EC1CE017ED00F77D5B /* Info.plist */ = {isa = PBXFileReference; lastKnownFileType = text.plist.xml; path = Info.plist; sourceTree = "<group>"; };
		FC2826F11CE017ED00F77D5B /* 双击放大和长按操作UITests.xctest */ = {isa = PBXFileReference; explicitFileType = wrapper.cfbundle; includeInIndex = 0; path = "双击放大和长按操作UITests.xctest"; sourceTree = BUILT_PRODUCTS_DIR; };
		FC2826F51CE017ED00F77D5B /* _________UITests.m */ = {isa = PBXFileReference; lastKnownFileType = sourcecode.c.objc; path = "_________UITests.m"; sourceTree = "<group>"; };
		FC2826F71CE017ED00F77D5B /* Info.plist */ = {isa = PBXFileReference; lastKnownFileType = text.plist.xml; path = Info.plist; sourceTree = "<group>"; };
/* End PBXFileReference section */

/* Begin PBXFrameworksBuildPhase section */
		FC2826CA1CE017ED00F77D5B /* Frameworks */ = {
			isa = PBXFrameworksBuildPhase;
			buildActionMask = 2147483647;
			files = (
			);
			runOnlyForDeploymentPostprocessing = 0;
		};
		FC2826E31CE017ED00F77D5B /* Frameworks */ = {
			isa = PBXFrameworksBuildPhase;
			buildActionMask = 2147483647;
			files = (
			);
			runOnlyForDeploymentPostprocessing = 0;
		};
		FC2826EE1CE017ED00F77D5B /* Frameworks */ = {
			isa = PBXFrameworksBuildPhase;
			buildActionMask = 2147483647;
			files = (
			);
			runOnlyForDeploymentPostprocessing = 0;
		};
/* End PBXFrameworksBuildPhase section */

/* Begin PBXGroup section */
		FC2826C41CE017ED00F77D5B = {
			isa = PBXGroup;
			children = (
				FC2826CF1CE017ED00F77D5B /* 双击放大和长按操作 */,
				FC2826E91CE017ED00F77D5B /* 双击放大和长按操作Tests */,
				FC2826F41CE017ED00F77D5B /* 双击放大和长按操作UITests */,
				FC2826CE1CE017ED00F77D5B /* Products */,
			);
			sourceTree = "<group>";
		};
		FC2826CE1CE017ED00F77D5B /* Products */ = {
			isa = PBXGroup;
			children = (
				FC2826CD1CE017ED00F77D5B /* 双击放大和长按操作.app */,
				FC2826E61CE017ED00F77D5B /* 双击放大和长按操作Tests.xctest */,
				FC2826F11CE017ED00F77D5B /* 双击放大和长按操作UITests.xctest */,
			);
			name = Products;
			sourceTree = "<group>";
		};
		FC2826CF1CE017ED00F77D5B /* 双击放大和长按操作 */ = {
			isa = PBXGroup;
			children = (
				FC2826D31CE017ED00F77D5B /* AppDelegate.h */,
				FC2826D41CE017ED00F77D5B /* AppDelegate.m */,
				FC2826D61CE017ED00F77D5B /* ViewController.h */,
				FC2826D71CE017ED00F77D5B /* ViewController.m */,
				FC2826D91CE017ED00F77D5B /* Main.storyboard */,
				FC2826DC1CE017ED00F77D5B /* Assets.xcassets */,
				FC2826DE1CE017ED00F77D5B /* LaunchScreen.storyboard */,
				FC2826E11CE017ED00F77D5B /* Info.plist */,
				FC2826D01CE017ED00F77D5B /* Supporting Files */,
			);
			path = "双击放大和长按操作";
			sourceTree = "<group>";
		};
		FC2826D01CE017ED00F77D5B /* Supporting Files */ = {
			isa = PBXGroup;
			children = (
				FC2826D11CE017ED00F77D5B /* main.m */,
			);
			name = "Supporting Files";
			sourceTree = "<group>";
		};
		FC2826E91CE017ED00F77D5B /* 双击放大和长按操作Tests */ = {
			isa = PBXGroup;
			children = (
				FC2826EA1CE017ED00F77D5B /* _________Tests.m */,
				FC2826EC1CE017ED00F77D5B /* Info.plist */,
			);
			path = "双击放大和长按操作Tests";
			sourceTree = "<group>";
		};
		FC2826F41CE017ED00F77D5B /* 双击放大和长按操作UITests */ = {
			isa = PBXGroup;
			children = (
				FC2826F51CE017ED00F77D5B /* _________UITests.m */,
				FC2826F71CE017ED00F77D5B /* Info.plist */,
			);
			path = "双击放大和长按操作UITests";
			sourceTree = "<group>";
		};
/* End PBXGroup section */

/* Begin PBXNativeTarget section */
		FC2826CC1CE017ED00F77D5B /* 双击放大和长按操作 */ = {
			isa = PBXNativeTarget;
			buildConfigurationList = FC2826FA1CE017ED00F77D5B /* Build configuration list for PBXNativeTarget "双击放大和长按操作" */;
			buildPhases = (
				FC2826C91CE017ED00F77D5B /* Sources */,
				FC2826CA1CE017ED00F77D5B /* Frameworks */,
				FC2826CB1CE017ED00F77D5B /* Resources */,
			);
			buildRules = (
			);
			dependencies = (
			);
			name = "双击放大和长按操作";
			productName = "双击放大和长按操作";
			productReference = FC2826CD1CE017ED00F77D5B /* 双击放大和长按操作.app */;
			productType = "com.apple.product-type.application";
		};
		FC2826E51CE017ED00F77D5B /* 双击放大和长按操作Tests */ = {
			isa = PBXNativeTarget;
			buildConfigurationList = FC2826FD1CE017ED00F77D5B /* Build configuration list for PBXNativeTarget "双击放大和长按操作Tests" */;
			buildPhases = (
				FC2826E21CE017ED00F77D5B /* Sources */,
				FC2826E31CE017ED00F77D5B /* Frameworks */,
				FC2826E41CE017ED00F77D5B /* Resources */,
			);
			buildRules = (
			);
			dependencies = (
				FC2826E81CE017ED00F77D5B /* PBXTargetDependency */,
			);
			name = "双击放大和长按操作Tests";
			productName = "双击放大和长按操作Tests";
			productReference = FC2826E61CE017ED00F77D5B /* 双击放大和长按操作Tests.xctest */;
			productType = "com.apple.product-type.bundle.unit-test";
		};
		FC2826F01CE017ED00F77D5B /* 双击放大和长按操作UITests */ = {
			isa = PBXNativeTarget;
			buildConfigurationList = FC2827001CE017ED00F77D5B /* Build configuration list for PBXNativeTarget "双击放大和长按操作UITests" */;
			buildPhases = (
				FC2826ED1CE017ED00F77D5B /* Sources */,
				FC2826EE1CE017ED00F77D5B /* Frameworks */,
				FC2826EF1CE017ED00F77D5B /* Resources */,
			);
			buildRules = (
			);
			dependencies = (
				FC2826F31CE017ED00F77D5B /* PBXTargetDependency */,
			);
			name = "双击放大和长按操作UITests";
			productName = "双击放大和长按操作UITests";
			productReference = FC2826F11CE017ED00F77D5B /* 双击放大和长按操作UITests.xctest */;
			productType = "com.apple.product-type.bundle.ui-testing";
		};
/* End PBXNativeTarget section */

/* Begin PBXProject section */
		FC2826C51CE017ED00F77D5B /* Project object */ = {
			isa = PBXProject;
			attributes = {
				LastUpgradeCheck = 0720;
				ORGANIZATIONNAME = "Kenfor-YF";
				TargetAttributes = {
					FC2826CC1CE017ED00F77D5B = {
						CreatedOnToolsVersion = 7.2;
						DevelopmentTeam = 3639QL8CD6;
					};
					FC2826E51CE017ED00F77D5B = {
						CreatedOnToolsVersion = 7.2;
						DevelopmentTeam = 3639QL8CD6;
						TestTargetID = FC2826CC1CE017ED00F77D5B;
					};
					FC2826F01CE017ED00F77D5B = {
						CreatedOnToolsVersion = 7.2;
						DevelopmentTeam = 3639QL8CD6;
						TestTargetID = FC2826CC1CE017ED00F77D5B;
					};
				};
			};
			buildConfigurationList = FC2826C81CE017ED00F77D5B /* Build configuration list for PBXProject "双击放大和长按操作" */;
			compatibilityVersion = "Xcode 3.2";
			developmentRegion = English;
			hasScannedForEncodings = 0;
			knownRegions = (
				en,
				Base,
			);
			mainGroup = FC2826C41CE017ED00F77D5B;
			productRefGroup = FC2826CE1CE017ED00F77D5B /* Products */;
			projectDirPath = "";
			projectRoot = "";
			targets = (
				FC2826CC1CE017ED00F77D5B /* 双击放大和长按操作 */,
				FC2826E51CE017ED00F77D5B /* 双击放大和长按操作Tests */,
				FC2826F01CE017ED00F77D5B /* 双击放大和长按操作UITests */,
			);
		};
/* End PBXProject section */

/* Begin PBXResourcesBuildPhase section */
		FC2826CB1CE017ED00F77D5B /* Resources */ = {
			isa = PBXResourcesBuildPhase;
			buildActionMask = 2147483647;
			files = (
				FC2826E01CE017ED00F77D5B /* LaunchScreen.storyboard in Resources */,
				FC2826DD1CE017ED00F77D5B /* Assets.xcassets in Resources */,
				FC2826DB1CE017ED00F77D5B /* Main.storyboard in Resources */,
			);
			runOnlyForDeploymentPostprocessing = 0;
		};
		FC2826E41CE017ED00F77D5B /* Resources */ = {
			isa = PBXResourcesBuildPhase;
			buildActionMask = 2147483647;
			files = (
			);
			runOnlyForDeploymentPostprocessing = 0;
		};
		FC2826EF1CE017ED00F77D5B /* Resources */ = {
			isa = PBXResourcesBuildPhase;
			buildActionMask = 2147483647;
			files = (
			);
			runOnlyForDeploymentPostprocessing = 0;
		};
/* End PBXResourcesBuildPhase section */

/* Begin PBXSourcesBuildPhase section */
		FC2826C91CE017ED00F77D5B /* Sources */ = {
			isa = PBXSourcesBuildPhase;
			buildActionMask = 2147483647;
			files = (
				FC2826D81CE017ED00F77D5B /* ViewController.m in Sources */,
				FC2826D51CE017ED00F77D5B /* AppDelegate.m in Sources */,
				FC2826D21CE017ED00F77D5B /* main.m in Sources */,
			);
			runOnlyForDeploymentPostprocessing = 0;
		};
		FC2826E21CE017ED00F77D5B /* Sources */ = {
			isa = PBXSourcesBuildPhase;
			buildActionMask = 2147483647;
			files = (
				FC2826EB1CE017ED00F77D5B /* _________Tests.m in Sources */,
			);
			runOnlyForDeploymentPostprocessing = 0;
		};
		FC2826ED1CE017ED00F77D5B /* Sources */ = {
			isa = PBXSourcesBuildPhase;
			buildActionMask = 2147483647;
			files = (
				FC2826F61CE017ED00F77D5B /* _________UITests.m in Sources */,
			);
			runOnlyForDeploymentPostprocessing = 0;
		};
/* End PBXSourcesBuildPhase section */

/* Begin PBXTargetDependency section */
		FC2826E81CE017ED00F77D5B /* PBXTargetDependency */ = {
			isa = PBXTargetDependency;
			target = FC2826CC1CE017ED00F77D5B /* 双击放大和长按操作 */;
			targetProxy = FC2826E71CE017ED00F77D5B /* PBXContainerItemProxy */;
		};
		FC2826F31CE017ED00F77D5B /* PBXTargetDependency */ = {
			isa = PBXTargetDependency;
			target = FC2826CC1CE017ED00F77D5B /* 双击放大和长按操作 */;
			targetProxy = FC2826F21CE017ED00F77D5B /* PBXContainerItemProxy */;
		};
/* End PBXTargetDependency section */

/* Begin PBXVariantGroup section */
		FC2826D91CE017ED00F77D5B /* Main.storyboard */ = {
			isa = PBXVariantGroup;
			children = (
				FC2826DA1CE017ED00F77D5B /* Base */,
			);
			name = Main.storyboard;
			sourceTree = "<group>";
		};
		FC2826DE1CE017ED00F77D5B /* LaunchScreen.storyboard */ = {
			isa = PBXVariantGroup;
			children = (
				FC2826DF1CE017ED00F77D5B /* Base */,
			);
			name = LaunchScreen.storyboard;
			sourceTree = "<group>";
		};
/* End PBXVariantGroup section */

/* Begin XCBuildConfiguration section */
		FC2826F81CE017ED00F77D5B /* Debug */ = {
			isa = XCBuildConfiguration;
			buildSettings = {
				ALWAYS_SEARCH_USER_PATHS = NO;
				CLANG_CXX_LANGUAGE_STANDARD = "gnu++0x";
				CLANG_CXX_LIBRARY = "libc++";
				CLANG_ENABLE_MODULES = YES;
				CLANG_ENABLE_OBJC_ARC = YES;
				CLANG_WARN_BOOL_CONVERSION = YES;
				CLANG_WARN_CONSTANT_CONVERSION = YES;
				CLANG_WARN_DIRECT_OBJC_ISA_USAGE = YES_ERROR;
				CLANG_WARN_EMPTY_BODY = YES;
				CLANG_WARN_ENUM_CONVERSION = YES;
				CLANG_WARN_INT_CONVERSION = YES;
				CLANG_WARN_OBJC_ROOT_CLASS = YES_ERROR;
				CLANG_WARN_UNREACHABLE_CODE = YES;
				CLANG_WARN__DUPLICATE_METHOD_MATCH = YES;
				"CODE_SIGN_IDENTITY[sdk=iphoneos*]" = "iPhone Developer";
				COPY_PHASE_STRIP = NO;
				DEBUG_INFORMATION_FORMAT = dwarf;
				ENABLE_STRICT_OBJC_MSGSEND = YES;
				ENABLE_TESTABILITY = YES;
				GCC_C_LANGUAGE_STANDARD = gnu99;
				GCC_DYNAMIC_NO_PIC = NO;
				GCC_NO_COMMON_BLOCKS = YES;
				GCC_OPTIMIZATION_LEVEL = 0;
				GCC_PREPROCESSOR_DEFINITIONS = (
					"DEBUG=1",
					"$(inherited)",
				);
				GCC_WARN_64_TO_32_BIT_CONVERSION = YES;
				GCC_WARN_ABOUT_RETURN_TYPE = YES_ERROR;
				GCC_WARN_UNDECLARED_SELECTOR = YES;
				GCC_WARN_UNINITIALIZED_AUTOS = YES_AGGRESSIVE;
				GCC_WARN_UNUSED_FUNCTION = YES;
				GCC_WARN_UNUSED_VARIABLE = YES;
				IPHONEOS_DEPLOYMENT_TARGET = 9.2;
				MTL_ENABLE_DEBUG_INFO = YES;
				ONLY_ACTIVE_ARCH = YES;
				SDKROOT = iphoneos;
			};
			name = Debug;
		};
		FC2826F91CE017ED00F77D5B /* Release */ = {
			isa = XCBuildConfiguration;
			buildSettings = {
				ALWAYS_SEARCH_USER_PATHS = NO;
				CLANG_CXX_LANGUAGE_STANDARD = "gnu++0x";
				CLANG_CXX_LIBRARY = "libc++";
				CLANG_ENABLE_MODULES = YES;
				CLANG_ENABLE_OBJC_ARC = YES;
				CLANG_WARN_BOOL_CONVERSION = YES;
				CLANG_WARN_CONSTANT_CONVERSION = YES;
				CLANG_WARN_DIRECT_OBJC_ISA_USAGE = YES_ERROR;
				CLANG_WARN_EMPTY_BODY = YES;
				CLANG_WARN_ENUM_CONVERSION = YES;
				CLANG_WARN_INT_CONVERSION = YES;
				CLANG_WARN_OBJC_ROOT_CLASS = YES_ERROR;
				CLANG_WARN_UNREACHABLE_CODE = YES;
				CLANG_WARN__DUPLICATE_METHOD_MATCH = YES;
				"CODE_SIGN_IDENTITY[sdk=iphoneos*]" = "iPhone Developer";
				COPY_PHASE_STRIP = NO;
				DEBUG_INFORMATION_FORMAT = "dwarf-with-dsym";
				ENABLE_NS_ASSERTIONS = NO;
				ENABLE_STRICT_OBJC_MSGSEND = YES;
				GCC_C_LANGUAGE_STANDARD = gnu99;
				GCC_NO_COMMON_BLOCKS = YES;
				GCC_WARN_64_TO_32_BIT_CONVERSION = YES;
				GCC_WARN_ABOUT_RETURN_TYPE = YES_ERROR;
				GCC_WARN_UNDECLARED_SELECTOR = YES;
				GCC_WARN_UNINITIALIZED_AUTOS = YES_AGGRESSIVE;
				GCC_WARN_UNUSED_FUNCTION = YES;
				GCC_WARN_UNUSED_VARIABLE = YES;
				IPHONEOS_DEPLOYMENT_TARGET = 9.2;
				MTL_ENABLE_DEBUG_INFO = NO;
				SDKROOT = iphoneos;
				VALIDATE_PRODUCT = YES;
			};
			name = Release;
		};
		FC2826FB1CE017ED00F77D5B /* Debug */ = {
			isa = XCBuildConfiguration;
			buildSettings = {
				ASSETCATALOG_COMPILER_APPICON_NAME = AppIcon;
				INFOPLIST_FILE = "双击放大和长按操作/Info.plist";
				LD_RUNPATH_SEARCH_PATHS = "$(inherited) @executable_path/Frameworks";
				PRODUCT_BUNDLE_IDENTIFIER = "com.kenfor.---------";
				PRODUCT_NAME = "$(TARGET_NAME)";
			};
			name = Debug;
		};
		FC2826FC1CE017ED00F77D5B /* Release */ = {
			isa = XCBuildConfiguration;
			buildSettings = {
				ASSETCATALOG_COMPILER_APPICON_NAME = AppIcon;
				INFOPLIST_FILE = "双击放大和长按操作/Info.plist";
				LD_RUNPATH_SEARCH_PATHS = "$(inherited) @executable_path/Frameworks";
				PRODUCT_BUNDLE_IDENTIFIER = "com.kenfor.---------";
				PRODUCT_NAME = "$(TARGET_NAME)";
			};
			name = Release;
		};
		FC2826FE1CE017ED00F77D5B /* Debug */ = {
			isa = XCBuildConfiguration;
			buildSettings = {
				BUNDLE_LOADER = "$(TEST_HOST)";
				INFOPLIST_FILE = "双击放大和长按操作Tests/Info.plist";
				LD_RUNPATH_SEARCH_PATHS = "$(inherited) @executable_path/Frameworks @loader_path/Frameworks";
				PRODUCT_BUNDLE_IDENTIFIER = "com.kenfor.---------Tests";
				PRODUCT_NAME = "$(TARGET_NAME)";
				TEST_HOST = "$(BUILT_PRODUCTS_DIR)/双击放大和长按操作.app/双击放大和长按操作";
			};
			name = Debug;
		};
		FC2826FF1CE017ED00F77D5B /* Release */ = {
			isa = XCBuildConfiguration;
			buildSettings = {
				BUNDLE_LOADER = "$(TEST_HOST)";
				INFOPLIST_FILE = "双击放大和长按操作Tests/Info.plist";
				LD_RUNPATH_SEARCH_PATHS = "$(inherited) @executable_path/Frameworks @loader_path/Frameworks";
				PRODUCT_BUNDLE_IDENTIFIER = "com.kenfor.---------Tests";
				PRODUCT_NAME = "$(TARGET_NAME)";
				TEST_HOST = "$(BUILT_PRODUCTS_DIR)/双击放大和长按操作.app/双击放大和长按操作";
			};
			name = Release;
		};
		FC2827011CE017ED00F77D5B /* Debug */ = {
			isa = XCBuildConfiguration;
			buildSettings = {
				INFOPLIST_FILE = "双击放大和长按操作UITests/Info.plist";
				LD_RUNPATH_SEARCH_PATHS = "$(inherited) @executable_path/Frameworks @loader_path/Frameworks";
				PRODUCT_BUNDLE_IDENTIFIER = "com.kenfor.---------UITests";
				PRODUCT_NAME = "$(TARGET_NAME)";
				TEST_TARGET_NAME = "双击放大和长按操作";
				USES_XCTRUNNER = YES;
			};
			name = Debug;
		};
		FC2827021CE017ED00F77D5B /* Release */ = {
			isa = XCBuildConfiguration;
			buildSettings = {
				INFOPLIST_FILE = "双击放大和长按操作UITests/Info.plist";
				LD_RUNPATH_SEARCH_PATHS = "$(inherited) @executable_path/Frameworks @loader_path/Frameworks";
				PRODUCT_BUNDLE_IDENTIFIER = "com.kenfor.---------UITests";
				PRODUCT_NAME = "$(TARGET_NAME)";
				TEST_TARGET_NAME = "双击放大和长按操作";
				USES_XCTRUNNER = YES;
			};
			name = Release;
		};
/* End XCBuildConfiguration section */

/* Begin XCConfigurationList section */
		FC2826C81CE017ED00F77D5B /* Build configuration list for PBXProject "双击放大和长按操作" */ = {
			isa = XCConfigurationList;
			buildConfigurations = (
				FC2826F81CE017ED00F77D5B /* Debug */,
				FC2826F91CE017ED00F77D5B /* Release */,
			);
			defaultConfigurationIsVisible = 0;
			defaultConfigurationName = Release;
		};
		FC2826FA1CE017ED00F77D5B /* Build configuration list for PBXNativeTarget "双击放大和长按操作" */ = {
			isa = XCConfigurationList;
			buildConfigurations = (
				FC2826FB1CE017ED00F77D5B /* Debug */,
				FC2826FC1CE017ED00F77D5B /* Release */,
			);
			defaultConfigurationIsVisible = 0;
		};
		FC2826FD1CE017ED00F77D5B /* Build configuration list for PBXNativeTarget "双击放大和长按操作Tests" */ = {
			isa = XCConfigurationList;
			buildConfigurations = (
				FC2826FE1CE017ED00F77D5B /* Debug */,
				FC2826FF1CE017ED00F77D5B /* Release */,
			);
			defaultConfigurationIsVisible = 0;
		};
		FC2827001CE017ED00F77D5B /* Build configuration list for PBXNativeTarget "双击放大和长按操作UITests" */ = {
			isa = XCConfigurationList;
			buildConfigurations = (
				FC2827011CE017ED00F77D5B /* Debug */,
				FC2827021CE017ED00F77D5B /* Release */,
			);
			defaultConfigurationIsVisible = 0;
		};
/* End XCConfigurationList section */
	};
	rootObject = FC2826C51CE017ED00F77D5B /* Project object */;
}
